// !$*UTF8*$!
{
	archiveVersion = 1;
	classes = {
	};
	objectVersion = 46;
	objects = {

/* Begin PBXBuildFile section */
		9D51602A1DDA0520003221F0 /* main.cpp in Sources */ = {isa = PBXBuildFile; fileRef = 9D5160291DDA0520003221F0 /* main.cpp */; };
		9D51603E1DDA0BB2003221F0 /* liballegro_acodec.5.2.1.dylib in Frameworks */ = {isa = PBXBuildFile; fileRef = 9D5160311DDA0BB2003221F0 /* liballegro_acodec.5.2.1.dylib */; };
		9D51603F1DDA0BB2003221F0 /* liballegro_audio.5.2.1.dylib in Frameworks */ = {isa = PBXBuildFile; fileRef = 9D5160321DDA0BB2003221F0 /* liballegro_audio.5.2.1.dylib */; };
		9D5160401DDA0BB2003221F0 /* liballegro_color.5.2.1.dylib in Frameworks */ = {isa = PBXBuildFile; fileRef = 9D5160331DDA0BB2003221F0 /* liballegro_color.5.2.1.dylib */; };
		9D5160411DDA0BB2003221F0 /* liballegro_dialog.5.2.1.dylib in Frameworks */ = {isa = PBXBuildFile; fileRef = 9D5160341DDA0BB2003221F0 /* liballegro_dialog.5.2.1.dylib */; };
		9D5160421DDA0BB2003221F0 /* liballegro_font.5.2.1.dylib in Frameworks */ = {isa = PBXBuildFile; fileRef = 9D5160351DDA0BB2003221F0 /* liballegro_font.5.2.1.dylib */; };
		9D5160431DDA0BB2003221F0 /* liballegro_image.5.2.1.dylib in Frameworks */ = {isa = PBXBuildFile; fileRef = 9D5160361DDA0BB2003221F0 /* liballegro_image.5.2.1.dylib */; };
		9D5160441DDA0BB2003221F0 /* liballegro_main.5.2.1.dylib in Frameworks */ = {isa = PBXBuildFile; fileRef = 9D5160371DDA0BB2003221F0 /* liballegro_main.5.2.1.dylib */; };
		9D5160451DDA0BB2003221F0 /* liballegro_memfile.5.2.1.dylib in Frameworks */ = {isa = PBXBuildFile; fileRef = 9D5160381DDA0BB2003221F0 /* liballegro_memfile.5.2.1.dylib */; };
		9D5160461DDA0BB2003221F0 /* liballegro_physfs.5.2.1.dylib in Frameworks */ = {isa = PBXBuildFile; fileRef = 9D5160391DDA0BB2003221F0 /* liballegro_physfs.5.2.1.dylib */; };
		9D5160471DDA0BB2003221F0 /* liballegro_primitives.5.2.1.dylib in Frameworks */ = {isa = PBXBuildFile; fileRef = 9D51603A1DDA0BB2003221F0 /* liballegro_primitives.5.2.1.dylib */; };
		9D5160481DDA0BB2003221F0 /* liballegro_ttf.5.2.1.dylib in Frameworks */ = {isa = PBXBuildFile; fileRef = 9D51603B1DDA0BB2003221F0 /* liballegro_ttf.5.2.1.dylib */; };
		9D5160491DDA0BB2003221F0 /* liballegro_video.5.2.1.dylib in Frameworks */ = {isa = PBXBuildFile; fileRef = 9D51603C1DDA0BB2003221F0 /* liballegro_video.5.2.1.dylib */; };
		9D51604A1DDA0BB2003221F0 /* liballegro.5.2.1.dylib in Frameworks */ = {isa = PBXBuildFile; fileRef = 9D51603D1DDA0BB2003221F0 /* liballegro.5.2.1.dylib */; };
		9D5A23001E215BE00028F17B /* scene.cpp in Sources */ = {isa = PBXBuildFile; fileRef = 9D5A22FF1E215BE00028F17B /* scene.cpp */; };
		9D5A23031E215CA20028F17B /* scene_menager.cpp in Sources */ = {isa = PBXBuildFile; fileRef = 9D5A23011E215CA20028F17B /* scene_menager.cpp */; };
		9D5A23051E215DC90028F17B /* game.cpp in Sources */ = {isa = PBXBuildFile; fileRef = 9D5A23041E215DC90028F17B /* game.cpp */; };
		9D5A23071E21615E0028F17B /* menu.cpp in Sources */ = {isa = PBXBuildFile; fileRef = 9D5A23061E21615E0028F17B /* menu.cpp */; };
		9D5A230A1E2258AB0028F17B /* credits.cpp in Sources */ = {isa = PBXBuildFile; fileRef = 9D5A23081E2258AB0028F17B /* credits.cpp */; };
		9D7B4B401E34E663005C4AD7 /* about_instructions.cpp in Sources */ = {isa = PBXBuildFile; fileRef = 9D7B4B3E1E34E663005C4AD7 /* about_instructions.cpp */; };
		9DD05BB81DDB5E9600D42B7F /* libpng16.16.dylib in Frameworks */ = {isa = PBXBuildFile; fileRef = 9DD05BB71DDB5E9600D42B7F /* libpng16.16.dylib */; };
		9DD05BBA1DDB5F1600D42B7F /* libjpeg.8.dylib in Frameworks */ = {isa = PBXBuildFile; fileRef = 9DD05BB91DDB5F1600D42B7F /* libjpeg.8.dylib */; };
/* End PBXBuildFile section */

/* Begin PBXCopyFilesBuildPhase section */
		9D5160241DDA0520003221F0 /* CopyFiles */ = {
			isa = PBXCopyFilesBuildPhase;
			buildActionMask = 2147483647;
			dstPath = /usr/share/man/man1/;
			dstSubfolderSpec = 0;
			files = (
			);
			runOnlyForDeploymentPostprocessing = 1;
		};
/* End PBXCopyFilesBuildPhase section */

/* Begin PBXFileReference section */
		9D5160261DDA0520003221F0 /* Flappy Man */ = {isa = PBXFileReference; explicitFileType = "compiled.mach-o.executable"; includeInIndex = 0; path = "Flappy Man"; sourceTree = BUILT_PRODUCTS_DIR; };
		9D5160291DDA0520003221F0 /* main.cpp */ = {isa = PBXFileReference; lastKnownFileType = sourcecode.cpp.cpp; path = main.cpp; sourceTree = "<group>"; };
		9D5160311DDA0BB2003221F0 /* liballegro_acodec.5.2.1.dylib */ = {isa = PBXFileReference; lastKnownFileType = "compiled.mach-o.dylib"; name = liballegro_acodec.5.2.1.dylib; path = ../../../../usr/local/Cellar/allegro/5.2.1.1_1/lib/liballegro_acodec.5.2.1.dylib; sourceTree = "<group>"; };
		9D5160321DDA0BB2003221F0 /* liballegro_audio.5.2.1.dylib */ = {isa = PBXFileReference; lastKnownFileType = "compiled.mach-o.dylib"; name = liballegro_audio.5.2.1.dylib; path = ../../../../usr/local/Cellar/allegro/5.2.1.1_1/lib/liballegro_audio.5.2.1.dylib; sourceTree = "<group>"; };
		9D5160331DDA0BB2003221F0 /* liballegro_color.5.2.1.dylib */ = {isa = PBXFileReference; lastKnownFileType = "compiled.mach-o.dylib"; name = liballegro_color.5.2.1.dylib; path = ../../../../usr/local/Cellar/allegro/5.2.1.1_1/lib/liballegro_color.5.2.1.dylib; sourceTree = "<group>"; };
		9D5160341DDA0BB2003221F0 /* liballegro_dialog.5.2.1.dylib */ = {isa = PBXFileReference; lastKnownFileType = "compiled.mach-o.dylib"; name = liballegro_dialog.5.2.1.dylib; path = ../../../../usr/local/Cellar/allegro/5.2.1.1_1/lib/liballegro_dialog.5.2.1.dylib; sourceTree = "<group>"; };
		9D5160351DDA0BB2003221F0 /* liballegro_font.5.2.1.dylib */ = {isa = PBXFileReference; lastKnownFileType = "compiled.mach-o.dylib"; name = liballegro_font.5.2.1.dylib; path = ../../../../usr/local/Cellar/allegro/5.2.1.1_1/lib/liballegro_font.5.2.1.dylib; sourceTree = "<group>"; };
		9D5160361DDA0BB2003221F0 /* liballegro_image.5.2.1.dylib */ = {isa = PBXFileReference; lastKnownFileType = "compiled.mach-o.dylib"; name = liballegro_image.5.2.1.dylib; path = ../../../../usr/local/Cellar/allegro/5.2.1.1_1/lib/liballegro_image.5.2.1.dylib; sourceTree = "<group>"; };
		9D5160371DDA0BB2003221F0 /* liballegro_main.5.2.1.dylib */ = {isa = PBXFileReference; lastKnownFileType = "compiled.mach-o.dylib"; name = liballegro_main.5.2.1.dylib; path = ../../../../usr/local/Cellar/allegro/5.2.1.1_1/lib/liballegro_main.5.2.1.dylib; sourceTree = "<group>"; };
		9D5160381DDA0BB2003221F0 /* liballegro_memfile.5.2.1.dylib */ = {isa = PBXFileReference; lastKnownFileType = "compiled.mach-o.dylib"; name = liballegro_memfile.5.2.1.dylib; path = ../../../../usr/local/Cellar/allegro/5.2.1.1_1/lib/liballegro_memfile.5.2.1.dylib; sourceTree = "<group>"; };
		9D5160391DDA0BB2003221F0 /* liballegro_physfs.5.2.1.dylib */ = {isa = PBXFileReference; lastKnownFileType = "compiled.mach-o.dylib"; name = liballegro_physfs.5.2.1.dylib; path = ../../../../usr/local/Cellar/allegro/5.2.1.1_1/lib/liballegro_physfs.5.2.1.dylib; sourceTree = "<group>"; };
		9D51603A1DDA0BB2003221F0 /* liballegro_primitives.5.2.1.dylib */ = {isa = PBXFileReference; lastKnownFileType = "compiled.mach-o.dylib"; name = liballegro_primitives.5.2.1.dylib; path = ../../../../usr/local/Cellar/allegro/5.2.1.1_1/lib/liballegro_primitives.5.2.1.dylib; sourceTree = "<group>"; };
		9D51603B1DDA0BB2003221F0 /* liballegro_ttf.5.2.1.dylib */ = {isa = PBXFileReference; lastKnownFileType = "compiled.mach-o.dylib"; name = liballegro_ttf.5.2.1.dylib; path = ../../../../usr/local/Cellar/allegro/5.2.1.1_1/lib/liballegro_ttf.5.2.1.dylib; sourceTree = "<group>"; };
		9D51603C1DDA0BB2003221F0 /* liballegro_video.5.2.1.dylib */ = {isa = PBXFileReference; lastKnownFileType = "compiled.mach-o.dylib"; name = liballegro_video.5.2.1.dylib; path = ../../../../usr/local/Cellar/allegro/5.2.1.1_1/lib/liballegro_video.5.2.1.dylib; sourceTree = "<group>"; };
		9D51603D1DDA0BB2003221F0 /* liballegro.5.2.1.dylib */ = {isa = PBXFileReference; lastKnownFileType = "compiled.mach-o.dylib"; name = liballegro.5.2.1.dylib; path = ../../../../usr/local/Cellar/allegro/5.2.1.1_1/lib/liballegro.5.2.1.dylib; sourceTree = "<group>"; };
		9D5A22FC1E2148520028F17B /* Scene_menager.h */ = {isa = PBXFileReference; lastKnownFileType = sourcecode.c.h; path = Scene_menager.h; sourceTree = "<group>"; };
		9D5A22FD1E214A100028F17B /* scene.h */ = {isa = PBXFileReference; lastKnownFileType = sourcecode.c.h; path = scene.h; sourceTree = "<group>"; };
		9D5A22FE1E2151CE0028F17B /* menu.h */ = {isa = PBXFileReference; lastKnownFileType = sourcecode.c.h; path = menu.h; sourceTree = "<group>"; };
		9D5A22FF1E215BE00028F17B /* scene.cpp */ = {isa = PBXFileReference; fileEncoding = 4; lastKnownFileType = sourcecode.cpp.cpp; path = scene.cpp; sourceTree = "<group>"; };
		9D5A23011E215CA20028F17B /* scene_menager.cpp */ = {isa = PBXFileReference; fileEncoding = 4; lastKnownFileType = sourcecode.cpp.cpp; path = scene_menager.cpp; sourceTree = "<group>"; };
		9D5A23041E215DC90028F17B /* game.cpp */ = {isa = PBXFileReference; fileEncoding = 4; lastKnownFileType = sourcecode.cpp.cpp; path = game.cpp; sourceTree = "<group>"; };
		9D5A23061E21615E0028F17B /* menu.cpp */ = {isa = PBXFileReference; fileEncoding = 4; lastKnownFileType = sourcecode.cpp.cpp; path = menu.cpp; sourceTree = "<group>"; };
		9D5A23081E2258AB0028F17B /* credits.cpp */ = {isa = PBXFileReference; fileEncoding = 4; lastKnownFileType = sourcecode.cpp.cpp; path = credits.cpp; sourceTree = "<group>"; };
		9D5A23091E2258AB0028F17B /* credits.hpp */ = {isa = PBXFileReference; fileEncoding = 4; lastKnownFileType = sourcecode.cpp.h; path = credits.hpp; sourceTree = "<group>"; };
		9D7B4B3E1E34E663005C4AD7 /* about_instructions.cpp */ = {isa = PBXFileReference; fileEncoding = 4; lastKnownFileType = sourcecode.cpp.cpp; path = about_instructions.cpp; sourceTree = "<group>"; };
		9D7B4B3F1E34E663005C4AD7 /* about_instructions.hpp */ = {isa = PBXFileReference; fileEncoding = 4; lastKnownFileType = sourcecode.cpp.h; path = about_instructions.hpp; sourceTree = "<group>"; };
		9DD05BB71DDB5E9600D42B7F /* libpng16.16.dylib */ = {isa = PBXFileReference; lastKnownFileType = "compiled.mach-o.dylib"; name = libpng16.16.dylib; path = ../../../../../usr/local/Cellar/libpng/1.6.26/lib/libpng16.16.dylib; sourceTree = "<group>"; };
		9DD05BB91DDB5F1600D42B7F /* libjpeg.8.dylib */ = {isa = PBXFileReference; lastKnownFileType = "compiled.mach-o.dylib"; name = libjpeg.8.dylib; path = ../../../../../usr/local/Cellar/jpeg/8d/lib/libjpeg.8.dylib; sourceTree = "<group>"; };
		9DD05BBD1DDB6C2800D42B7F /* game.hpp */ = {isa = PBXFileReference; fileEncoding = 4; lastKnownFileType = sourcecode.cpp.h; path = game.hpp; sourceTree = "<group>"; };
		9DD05BC01DDB81CF00D42B7F /* game_object.h */ = {isa = PBXFileReference; fileEncoding = 4; lastKnownFileType = sourcecode.c.h; path = game_object.h; sourceTree = "<group>"; };
/* End PBXFileReference section */

/* Begin PBXFrameworksBuildPhase section */
		9D5160231DDA0520003221F0 /* Frameworks */ = {
			isa = PBXFrameworksBuildPhase;
			buildActionMask = 2147483647;
			files = (
				9DD05BB81DDB5E9600D42B7F /* libpng16.16.dylib in Frameworks */,
				9DD05BBA1DDB5F1600D42B7F /* libjpeg.8.dylib in Frameworks */,
				9D5160441DDA0BB2003221F0 /* liballegro_main.5.2.1.dylib in Frameworks */,
				9D51604A1DDA0BB2003221F0 /* liballegro.5.2.1.dylib in Frameworks */,
				9D51603E1DDA0BB2003221F0 /* liballegro_acodec.5.2.1.dylib in Frameworks */,
				9D51603F1DDA0BB2003221F0 /* liballegro_audio.5.2.1.dylib in Frameworks */,
				9D5160401DDA0BB2003221F0 /* liballegro_color.5.2.1.dylib in Frameworks */,
				9D5160411DDA0BB2003221F0 /* liballegro_dialog.5.2.1.dylib in Frameworks */,
				9D5160421DDA0BB2003221F0 /* liballegro_font.5.2.1.dylib in Frameworks */,
				9D5160431DDA0BB2003221F0 /* liballegro_image.5.2.1.dylib in Frameworks */,
				9D5160451DDA0BB2003221F0 /* liballegro_memfile.5.2.1.dylib in Frameworks */,
				9D5160461DDA0BB2003221F0 /* liballegro_physfs.5.2.1.dylib in Frameworks */,
				9D5160471DDA0BB2003221F0 /* liballegro_primitives.5.2.1.dylib in Frameworks */,
				9D5160481DDA0BB2003221F0 /* liballegro_ttf.5.2.1.dylib in Frameworks */,
				9D5160491DDA0BB2003221F0 /* liballegro_video.5.2.1.dylib in Frameworks */,
			);
			runOnlyForDeploymentPostprocessing = 0;
		};
/* End PBXFrameworksBuildPhase section */

/* Begin PBXGroup section */
		9D51601D1DDA0520003221F0 = {
			isa = PBXGroup;
			children = (
				9D5160281DDA0520003221F0 /* Flappy Man */,
				9D5160271DDA0520003221F0 /* Products */,
				9D5160301DDA0BB2003221F0 /* Frameworks */,
			);
			sourceTree = "<group>";
		};
		9D5160271DDA0520003221F0 /* Products */ = {
			isa = PBXGroup;
			children = (
				9D5160261DDA0520003221F0 /* Flappy Man */,
			);
			name = Products;
			sourceTree = "<group>";
		};
		9D5160281DDA0520003221F0 /* Flappy Man */ = {
			isa = PBXGroup;
			children = (
				9D5160291DDA0520003221F0 /* main.cpp */,
				9DD05BC01DDB81CF00D42B7F /* game_object.h */,
				9D5A23041E215DC90028F17B /* game.cpp */,
				9DD05BBD1DDB6C2800D42B7F /* game.hpp */,
				9D5A22FF1E215BE00028F17B /* scene.cpp */,
				9D5A22FD1E214A100028F17B /* scene.h */,
				9D5A23011E215CA20028F17B /* scene_menager.cpp */,
				9D5A22FC1E2148520028F17B /* Scene_menager.h */,
				9D5A23061E21615E0028F17B /* menu.cpp */,
				9D5A22FE1E2151CE0028F17B /* menu.h */,
				9D5A23081E2258AB0028F17B /* credits.cpp */,
				9D5A23091E2258AB0028F17B /* credits.hpp */,
				9D7B4B3E1E34E663005C4AD7 /* about_instructions.cpp */,
				9D7B4B3F1E34E663005C4AD7 /* about_instructions.hpp */,
			);
			name = "Flappy Man";
			path = test;
			sourceTree = "<group>";
		};
		9D5160301DDA0BB2003221F0 /* Frameworks */ = {
			isa = PBXGroup;
			children = (
				9DD05BB91DDB5F1600D42B7F /* libjpeg.8.dylib */,
				9DD05BB71DDB5E9600D42B7F /* libpng16.16.dylib */,
				9D5160311DDA0BB2003221F0 /* liballegro_acodec.5.2.1.dylib */,
				9D5160321DDA0BB2003221F0 /* liballegro_audio.5.2.1.dylib */,
				9D5160331DDA0BB2003221F0 /* liballegro_color.5.2.1.dylib */,
				9D5160341DDA0BB2003221F0 /* liballegro_dialog.5.2.1.dylib */,
				9D5160351DDA0BB2003221F0 /* liballegro_font.5.2.1.dylib */,
				9D5160361DDA0BB2003221F0 /* liballegro_image.5.2.1.dylib */,
				9D5160371DDA0BB2003221F0 /* liballegro_main.5.2.1.dylib */,
				9D5160381DDA0BB2003221F0 /* liballegro_memfile.5.2.1.dylib */,
				9D5160391DDA0BB2003221F0 /* liballegro_physfs.5.2.1.dylib */,
				9D51603A1DDA0BB2003221F0 /* liballegro_primitives.5.2.1.dylib */,
				9D51603B1DDA0BB2003221F0 /* liballegro_ttf.5.2.1.dylib */,
				9D51603C1DDA0BB2003221F0 /* liballegro_video.5.2.1.dylib */,
				9D51603D1DDA0BB2003221F0 /* liballegro.5.2.1.dylib */,
			);
			name = Frameworks;
			sourceTree = "<group>";
		};
/* End PBXGroup section */

/* Begin PBXNativeTarget section */
		9D5160251DDA0520003221F0 /* Flappy Man */ = {
			isa = PBXNativeTarget;
			buildConfigurationList = 9D51602D1DDA0520003221F0 /* Build configuration list for PBXNativeTarget "Flappy Man" */;
			buildPhases = (
				9D5160221DDA0520003221F0 /* Sources */,
				9D5160231DDA0520003221F0 /* Frameworks */,
				9D5160241DDA0520003221F0 /* CopyFiles */,
			);
			buildRules = (
			);
			dependencies = (
			);
			name = "Flappy Man";
			productName = test;
			productReference = 9D5160261DDA0520003221F0 /* Flappy Man */;
			productType = "com.apple.product-type.tool";
		};
/* End PBXNativeTarget section */

/* Begin PBXProject section */
		9D51601E1DDA0520003221F0 /* Project object */ = {
			isa = PBXProject;
			attributes = {
				LastUpgradeCheck = 0820;
				ORGANIZATIONNAME = "Adam Gliszczński";
				TargetAttributes = {
					9D5160251DDA0520003221F0 = {
						CreatedOnToolsVersion = 8.1;
						ProvisioningStyle = Automatic;
					};
				};
			};
			buildConfigurationList = 9D5160211DDA0520003221F0 /* Build configuration list for PBXProject "Flappy Man" */;
			compatibilityVersion = "Xcode 3.2";
			developmentRegion = English;
			hasScannedForEncodings = 0;
			knownRegions = (
				en,
			);
			mainGroup = 9D51601D1DDA0520003221F0;
			productRefGroup = 9D5160271DDA0520003221F0 /* Products */;
			projectDirPath = "";
			projectRoot = "";
			targets = (
				9D5160251DDA0520003221F0 /* Flappy Man */,
			);
		};
/* End PBXProject section */

/* Begin PBXSourcesBuildPhase section */
		9D5160221DDA0520003221F0 /* Sources */ = {
			isa = PBXSourcesBuildPhase;
			buildActionMask = 2147483647;
			files = (
				9D5A23031E215CA20028F17B /* scene_menager.cpp in Sources */,
				9D5A23001E215BE00028F17B /* scene.cpp in Sources */,
				9D51602A1DDA0520003221F0 /* main.cpp in Sources */,
				9D5A23071E21615E0028F17B /* menu.cpp in Sources */,
				9D5A230A1E2258AB0028F17B /* credits.cpp in Sources */,
				9D7B4B401E34E663005C4AD7 /* about_instructions.cpp in Sources */,
				9D5A23051E215DC90028F17B /* game.cpp in Sources */,
			);
			runOnlyForDeploymentPostprocessing = 0;
		};
/* End PBXSourcesBuildPhase section */

/* Begin XCBuildConfiguration section */
		9D51602B1DDA0520003221F0 /* Debug */ = {
			isa = XCBuildConfiguration;
			buildSettings = {
				ALWAYS_SEARCH_USER_PATHS = NO;
				CLANG_ANALYZER_NONNULL = YES;
				CLANG_CXX_LANGUAGE_STANDARD = "gnu++0x";
				CLANG_CXX_LIBRARY = "libc++";
				CLANG_ENABLE_MODULES = YES;
				CLANG_ENABLE_OBJC_ARC = YES;
				CLANG_WARN_BOOL_CONVERSION = YES;
				CLANG_WARN_CONSTANT_CONVERSION = YES;
				CLANG_WARN_DIRECT_OBJC_ISA_USAGE = YES_ERROR;
				CLANG_WARN_DOCUMENTATION_COMMENTS = YES;
				CLANG_WARN_EMPTY_BODY = YES;
				CLANG_WARN_ENUM_CONVERSION = YES;
				CLANG_WARN_INFINITE_RECURSION = YES;
				CLANG_WARN_INT_CONVERSION = YES;
				CLANG_WARN_OBJC_ROOT_CLASS = YES_ERROR;
				CLANG_WARN_SUSPICIOUS_MOVE = YES;
				CLANG_WARN_SUSPICIOUS_MOVES = YES;
				CLANG_WARN_UNREACHABLE_CODE = YES;
				CLANG_WARN__DUPLICATE_METHOD_MATCH = YES;
				CODE_SIGN_IDENTITY = "-";
				COPY_PHASE_STRIP = NO;
				DEBUG_INFORMATION_FORMAT = dwarf;
				ENABLE_STRICT_OBJC_MSGSEND = YES;
				ENABLE_TESTABILITY = YES;
				GCC_C_LANGUAGE_STANDARD = gnu99;
				GCC_DYNAMIC_NO_PIC = NO;
				GCC_NO_COMMON_BLOCKS = YES;
				GCC_OPTIMIZATION_LEVEL = 0;
				GCC_PREPROCESSOR_DEFINITIONS = (
					"DEBUG=1",
					"$(inherited)",
				);
				GCC_WARN_64_TO_32_BIT_CONVERSION = YES;
				GCC_WARN_ABOUT_RETURN_TYPE = YES_ERROR;
				GCC_WARN_UNDECLARED_SELECTOR = YES;
				GCC_WARN_UNINITIALIZED_AUTOS = YES_AGGRESSIVE;
				GCC_WARN_UNUSED_FUNCTION = YES;
				GCC_WARN_UNUSED_VARIABLE = YES;
				MACOSX_DEPLOYMENT_TARGET = 10.12;
				MTL_ENABLE_DEBUG_INFO = YES;
				ONLY_ACTIVE_ARCH = YES;
				SDKROOT = macosx;
			};
			name = Debug;
		};
		9D51602C1DDA0520003221F0 /* Release */ = {
			isa = XCBuildConfiguration;
			buildSettings = {
				ALWAYS_SEARCH_USER_PATHS = NO;
				CLANG_ANALYZER_NONNULL = YES;
				CLANG_CXX_LANGUAGE_STANDARD = "gnu++0x";
				CLANG_CXX_LIBRARY = "libc++";
				CLANG_ENABLE_MODULES = YES;
				CLANG_ENABLE_OBJC_ARC = YES;
				CLANG_WARN_BOOL_CONVERSION = YES;
				CLANG_WARN_CONSTANT_CONVERSION = YES;
				CLANG_WARN_DIRECT_OBJC_ISA_USAGE = YES_ERROR;
				CLANG_WARN_DOCUMENTATION_COMMENTS = YES;
				CLANG_WARN_EMPTY_BODY = YES;
				CLANG_WARN_ENUM_CONVERSION = YES;
				CLANG_WARN_INFINITE_RECURSION = YES;
				CLANG_WARN_INT_CONVERSION = YES;
				CLANG_WARN_OBJC_ROOT_CLASS = YES_ERROR;
				CLANG_WARN_SUSPICIOUS_MOVE = YES;
				CLANG_WARN_SUSPICIOUS_MOVES = YES;
				CLANG_WARN_UNREACHABLE_CODE = YES;
				CLANG_WARN__DUPLICATE_METHOD_MATCH = YES;
				CODE_SIGN_IDENTITY = "-";
				COPY_PHASE_STRIP = NO;
				DEBUG_INFORMATION_FORMAT = "dwarf-with-dsym";
				ENABLE_NS_ASSERTIONS = NO;
				ENABLE_STRICT_OBJC_MSGSEND = YES;
				GCC_C_LANGUAGE_STANDARD = gnu99;
				GCC_NO_COMMON_BLOCKS = YES;
				GCC_WARN_64_TO_32_BIT_CONVERSION = YES;
				GCC_WARN_ABOUT_RETURN_TYPE = YES_ERROR;
				GCC_WARN_UNDECLARED_SELECTOR = YES;
				GCC_WARN_UNINITIALIZED_AUTOS = YES_AGGRESSIVE;
				GCC_WARN_UNUSED_FUNCTION = YES;
				GCC_WARN_UNUSED_VARIABLE = YES;
				MACOSX_DEPLOYMENT_TARGET = 10.12;
				MTL_ENABLE_DEBUG_INFO = NO;
				SDKROOT = macosx;
			};
			name = Release;
		};
		9D51602E1DDA0520003221F0 /* Debug */ = {
			isa = XCBuildConfiguration;
			buildSettings = {
				LIBRARY_SEARCH_PATHS = (
					"$(inherited)",
					/usr/local/lib,
					/usr/local/Cellar/allegro/5.2.1.1_1/lib,
					/usr/local/Cellar/libpng/1.6.26/lib,
					/usr/local/Cellar/jpeg/8d/lib,
				);
				"OTHER_CPLUSPLUSFLAGS[arch=*]" = "-I/usr/local/include";
				PRODUCT_NAME = "$(TARGET_NAME)";
			};
			name = Debug;
		};
		9D51602F1DDA0520003221F0 /* Release */ = {
			isa = XCBuildConfiguration;
			buildSettings = {
				LIBRARY_SEARCH_PATHS = (
					"$(inherited)",
					/usr/local/lib,
					/usr/local/Cellar/allegro/5.2.1.1_1/lib,
					/usr/local/Cellar/libpng/1.6.26/lib,
					/usr/local/Cellar/jpeg/8d/lib,
				);
				"OTHER_CPLUSPLUSFLAGS[arch=*]" = "-I/usr/local/include";
				PRODUCT_NAME = "$(TARGET_NAME)";
			};
			name = Release;
		};
/* End XCBuildConfiguration section */

/* Begin XCConfigurationList section */
		9D5160211DDA0520003221F0 /* Build configuration list for PBXProject "Flappy Man" */ = {
			isa = XCConfigurationList;
			buildConfigurations = (
				9D51602B1DDA0520003221F0 /* Debug */,
				9D51602C1DDA0520003221F0 /* Release */,
			);
			defaultConfigurationIsVisible = 0;
			defaultConfigurationName = Release;
		};
		9D51602D1DDA0520003221F0 /* Build configuration list for PBXNativeTarget "Flappy Man" */ = {
			isa = XCConfigurationList;
			buildConfigurations = (
				9D51602E1DDA0520003221F0 /* Debug */,
				9D51602F1DDA0520003221F0 /* Release */,
			);
			defaultConfigurationIsVisible = 0;
			defaultConfigurationName = Release;
		};
/* End XCConfigurationList section */
	};
	rootObject = 9D51601E1DDA0520003221F0 /* Project object */;
}
